
Microsoft Visual Studio Solution File, Format Version 12.00
# Visual Studio Version 17
VisualStudioVersion = 17.0.31903.59
MinimumVisualStudioVersion = 10.0.40219.1
Project("{2150E333-8FDC-42A3-9474-1A3956D46DE8}") = "src", "src", "{4EC630F5-08F7-4A60-8BB5-25DC68287200}"
EndProject
Project("{FAE04EC0-301F-11D3-BF4B-00C04F79EFBC}") = "SharedKernel", "src\SharedKernel\SharedKernel.csproj", "{F4D0141A-8647-4578-87FD-DF3A228C5D76}"
EndProject
Project("{FAE04EC0-301F-11D3-BF4B-00C04F79EFBC}") = "Installer.Core", "src\Installer.Core\Installer.Core.csproj", "{C157B72C-F201-4B97-B8D8-A29D888148DD}"
EndProject
Project("{FAE04EC0-301F-11D3-BF4B-00C04F79EFBC}") = "Installer.Actions", "src\Installer.Actions\Installer.Actions.csproj", "{B53DCF27-78F1-45C3-A249-C16B3E894117}"
EndProject
Project("{FAE04EC0-301F-11D3-BF4B-00C04F79EFBC}") = "Installer.Agent", "src\Installer.Agent\Installer.Agent.csproj", "{0391B730-0A47-4A8E-90CC-C53F54AA04BA}"
EndProject
Project("{FAE04EC0-301F-11D3-BF4B-00C04F79EFBC}") = "Installer.CLI", "src\Installer.CLI\Installer.CLI.csproj", "{01ECDF4D-1D99-4CCF-A6D6-828824D364C8}"
EndProject
Project("{FAE04EC0-301F-11D3-BF4B-00C04F79EFBC}") = "ManifestVerifier", "src\ManifestVerifier\ManifestVerifier.csproj", "{3E18FBB5-22CC-4C9F-BE8A-02D8EABF842C}"
EndProject
Project("{FAE04EC0-301F-11D3-BF4B-00C04F79EFBC}") = "SupportBundle", "src\SupportBundle\SupportBundle.csproj", "{0274EB42-8239-4F86-B189-C65D3A441788}"
EndProject
Project("{FAE04EC0-301F-11D3-BF4B-00C04F79EFBC}") = "BackupRestore", "src\BackupRestore\BackupRestore.csproj", "{8959AE83-A775-465D-88E4-E823405F5812}"
EndProject
Project("{2150E333-8FDC-42A3-9474-1A3956D46DE8}") = "tests", "tests", "{C984FE4D-6F9C-4C5E-85AF-E97E2A7FD558}"
EndProject
Project("{FAE04EC0-301F-11D3-BF4B-00C04F79EFBC}") = "Installer.UnitTests", "tests\Installer.UnitTests\Installer.UnitTests.csproj", "{BB6ED575-13A7-4E7B-AC4C-56B524A2E8E8}"
EndProject
Project("{FAE04EC0-301F-11D3-BF4B-00C04F79EFBC}") = "Installer.IntegrationTests", "tests\Installer.IntegrationTests\Installer.IntegrationTests.csproj", "{8E2D807B-62D1-42B1-9A20-FCE42F062E8C}"
EndProject
Project("{FAE04EC0-301F-11D3-BF4B-00C04F79EFBC}") = "Sync.Abstractions", "src\Sync.Abstractions\Sync.Abstractions.csproj", "{D5EFF9E0-0355-44BE-BAF4-C99B11DB0255}"
EndProject
Project("{FAE04EC0-301F-11D3-BF4B-00C04F79EFBC}") = "Sync.Agent", "src\Sync.Agent\Sync.Agent.csproj", "{E8DBC439-3A44-423A-8BE6-D6A2001B1B53}"
EndProject
Global
	GlobalSection(SolutionConfigurationPlatforms) = preSolution
		Debug|Any CPU = Debug|Any CPU
		Release|Any CPU = Release|Any CPU
	EndGlobalSection
	GlobalSection(SolutionProperties) = preSolution
		HideSolutionNode = FALSE
	EndGlobalSection
	GlobalSection(ProjectConfigurationPlatforms) = postSolution
		{F4D0141A-8647-4578-87FD-DF3A228C5D76}.Debug|Any CPU.ActiveCfg = Debug|Any CPU
		{F4D0141A-8647-4578-87FD-DF3A228C5D76}.Debug|Any CPU.Build.0 = Debug|Any CPU
		{F4D0141A-8647-4578-87FD-DF3A228C5D76}.Release|Any CPU.ActiveCfg = Release|Any CPU
		{F4D0141A-8647-4578-87FD-DF3A228C5D76}.Release|Any CPU.Build.0 = Release|Any CPU
		{C157B72C-F201-4B97-B8D8-A29D888148DD}.Debug|Any CPU.ActiveCfg = Debug|Any CPU
		{C157B72C-F201-4B97-B8D8-A29D888148DD}.Debug|Any CPU.Build.0 = Debug|Any CPU
		{C157B72C-F201-4B97-B8D8-A29D888148DD}.Release|Any CPU.ActiveCfg = Release|Any CPU
		{C157B72C-F201-4B97-B8D8-A29D888148DD}.Release|Any CPU.Build.0 = Release|Any CPU
		{B53DCF27-78F1-45C3-A249-C16B3E894117}.Debug|Any CPU.ActiveCfg = Debug|Any CPU
		{B53DCF27-78F1-45C3-A249-C16B3E894117}.Debug|Any CPU.Build.0 = Debug|Any CPU
		{B53DCF27-78F1-45C3-A249-C16B3E894117}.Release|Any CPU.ActiveCfg = Release|Any CPU
		{B53DCF27-78F1-45C3-A249-C16B3E894117}.Release|Any CPU.Build.0 = Release|Any CPU
		{0391B730-0A47-4A8E-90CC-C53F54AA04BA}.Debug|Any CPU.ActiveCfg = Debug|Any CPU
		{0391B730-0A47-4A8E-90CC-C53F54AA04BA}.Debug|Any CPU.Build.0 = Debug|Any CPU
		{0391B730-0A47-4A8E-90CC-C53F54AA04BA}.Release|Any CPU.ActiveCfg = Release|Any CPU
		{0391B730-0A47-4A8E-90CC-C53F54AA04BA}.Release|Any CPU.Build.0 = Release|Any CPU
		{01ECDF4D-1D99-4CCF-A6D6-828824D364C8}.Debug|Any CPU.ActiveCfg = Debug|Any CPU
		{01ECDF4D-1D99-4CCF-A6D6-828824D364C8}.Debug|Any CPU.Build.0 = Debug|Any CPU
		{01ECDF4D-1D99-4CCF-A6D6-828824D364C8}.Release|Any CPU.ActiveCfg = Release|Any CPU
		{01ECDF4D-1D99-4CCF-A6D6-828824D364C8}.Release|Any CPU.Build.0 = Release|Any CPU
		{3E18FBB5-22CC-4C9F-BE8A-02D8EABF842C}.Debug|Any CPU.ActiveCfg = Debug|Any CPU
		{3E18FBB5-22CC-4C9F-BE8A-02D8EABF842C}.Debug|Any CPU.Build.0 = Debug|Any CPU
		{3E18FBB5-22CC-4C9F-BE8A-02D8EABF842C}.Release|Any CPU.ActiveCfg = Release|Any CPU
		{3E18FBB5-22CC-4C9F-BE8A-02D8EABF842C}.Release|Any CPU.Build.0 = Release|Any CPU
		{0274EB42-8239-4F86-B189-C65D3A441788}.Debug|Any CPU.ActiveCfg = Debug|Any CPU
		{0274EB42-8239-4F86-B189-C65D3A441788}.Debug|Any CPU.Build.0 = Debug|Any CPU
		{0274EB42-8239-4F86-B189-C65D3A441788}.Release|Any CPU.ActiveCfg = Release|Any CPU
		{0274EB42-8239-4F86-B189-C65D3A441788}.Release|Any CPU.Build.0 = Release|Any CPU
		{8959AE83-A775-465D-88E4-E823405F5812}.Debug|Any CPU.ActiveCfg = Debug|Any CPU
		{8959AE83-A775-465D-88E4-E823405F5812}.Debug|Any CPU.Build.0 = Debug|Any CPU
		{8959AE83-A775-465D-88E4-E823405F5812}.Release|Any CPU.ActiveCfg = Release|Any CPU
		{8959AE83-A775-465D-88E4-E823405F5812}.Release|Any CPU.Build.0 = Release|Any CPU
		{BB6ED575-13A7-4E7B-AC4C-56B524A2E8E8}.Debug|Any CPU.ActiveCfg = Debug|Any CPU
		{BB6ED575-13A7-4E7B-AC4C-56B524A2E8E8}.Debug|Any CPU.Build.0 = Debug|Any CPU
		{BB6ED575-13A7-4E7B-AC4C-56B524A2E8E8}.Release|Any CPU.ActiveCfg = Release|Any CPU
		{BB6ED575-13A7-4E7B-AC4C-56B524A2E8E8}.Release|Any CPU.Build.0 = Release|Any CPU
		{8E2D807B-62D1-42B1-9A20-FCE42F062E8C}.Debug|Any CPU.ActiveCfg = Debug|Any CPU
		{8E2D807B-62D1-42B1-9A20-FCE42F062E8C}.Debug|Any CPU.Build.0 = Debug|Any CPU
		{8E2D807B-62D1-42B1-9A20-FCE42F062E8C}.Release|Any CPU.ActiveCfg = Release|Any CPU
		{8E2D807B-62D1-42B1-9A20-FCE42F062E8C}.Release|Any CPU.Build.0 = Release|Any CPU
		{D5EFF9E0-0355-44BE-BAF4-C99B11DB0255}.Debug|Any CPU.ActiveCfg = Debug|Any CPU
		{D5EFF9E0-0355-44BE-BAF4-C99B11DB0255}.Debug|Any CPU.Build.0 = Debug|Any CPU
		{D5EFF9E0-0355-44BE-BAF4-C99B11DB0255}.Release|Any CPU.ActiveCfg = Release|Any CPU
		{D5EFF9E0-0355-44BE-BAF4-C99B11DB0255}.Release|Any CPU.Build.0 = Release|Any CPU
		{E8DBC439-3A44-423A-8BE6-D6A2001B1B53}.Debug|Any CPU.ActiveCfg = Debug|Any CPU
		{E8DBC439-3A44-423A-8BE6-D6A2001B1B53}.Debug|Any CPU.Build.0 = Debug|Any CPU
		{E8DBC439-3A44-423A-8BE6-D6A2001B1B53}.Release|Any CPU.ActiveCfg = Release|Any CPU
		{E8DBC439-3A44-423A-8BE6-D6A2001B1B53}.Release|Any CPU.Build.0 = Release|Any CPU
	EndGlobalSection
	GlobalSection(NestedProjects) = preSolution
		{F4D0141A-8647-4578-87FD-DF3A228C5D76} = {4EC630F5-08F7-4A60-8BB5-25DC68287200}
		{C157B72C-F201-4B97-B8D8-A29D888148DD} = {4EC630F5-08F7-4A60-8BB5-25DC68287200}
		{B53DCF27-78F1-45C3-A249-C16B3E894117} = {4EC630F5-08F7-4A60-8BB5-25DC68287200}
		{0391B730-0A47-4A8E-90CC-C53F54AA04BA} = {4EC630F5-08F7-4A60-8BB5-25DC68287200}
		{01ECDF4D-1D99-4CCF-A6D6-828824D364C8} = {4EC630F5-08F7-4A60-8BB5-25DC68287200}
		{3E18FBB5-22CC-4C9F-BE8A-02D8EABF842C} = {4EC630F5-08F7-4A60-8BB5-25DC68287200}
		{0274EB42-8239-4F86-B189-C65D3A441788} = {4EC630F5-08F7-4A60-8BB5-25DC68287200}
		{8959AE83-A775-465D-88E4-E823405F5812} = {4EC630F5-08F7-4A60-8BB5-25DC68287200}
		{BB6ED575-13A7-4E7B-AC4C-56B524A2E8E8} = {C984FE4D-6F9C-4C5E-85AF-E97E2A7FD558}
		{8E2D807B-62D1-42B1-9A20-FCE42F062E8C} = {C984FE4D-6F9C-4C5E-85AF-E97E2A7FD558}
		{D5EFF9E0-0355-44BE-BAF4-C99B11DB0255} = {4EC630F5-08F7-4A60-8BB5-25DC68287200}
		{E8DBC439-3A44-423A-8BE6-D6A2001B1B53} = {4EC630F5-08F7-4A60-8BB5-25DC68287200}
	EndGlobalSection
EndGlobal
